PODS:
  - AppleDevices (1.0.0)
  - FDFullscreenPopGesture (1.1)
  - Flutter (2.0.300)
  - FlutterAppSDK (2.0.0.6)
  - FlutterPluginSDK (2.0.0.6)
  - JKRetractableGCDDelay (1.0.2)
  - Masonry (1.1.0)

DEPENDENCIES:
  - AppleDevices
  - FDFullscreenPopGesture
  - Flutter (from `./../../flutter_module_sdk_podspec/Flutter.podspec`)
  - FlutterAppSDK (from `./../../flutter_module_sdk_podspec/FlutterAppSDK.podspec`)
  - FlutterPluginSDK (from `./../../flutter_module_sdk_podspec/FlutterPluginSDK.podspec`)
  - JKRetractableGCDDelay
  - Masonry

SPEC REPOS:
  https://github.com/CocoaPods/Specs.git:
    - AppleDevices
    - FDFullscreenPopGesture
    - JKRetractableGCDDelay
    - Masonry

EXTERNAL SOURCES:
  Flutter:
    :podspec: "./../../flutter_module_sdk_podspec/Flutter.podspec"
  FlutterAppSDK:
    :podspec: "./../../flutter_module_sdk_podspec/FlutterAppSDK.podspec"
  FlutterPluginSDK:
    :podspec: "./../../flutter_module_sdk_podspec/FlutterPluginSDK.podspec"

SPEC CHECKSUMS:
  AppleDevices: 437bb7c4e2dd769d3e73af704adfbb1a16143624
  FDFullscreenPopGesture: a8a620179e3d9c40e8e00256dcee1c1a27c6d0f0
  Flutter: fcfd44cd2e0c1c7ed7b45046079dbf769116d228
  FlutterAppSDK: a8de2f0f9fbc76f6dcc7c65d970981d6738c1ea7
  FlutterPluginSDK: 6d14430edad5b13e804421800f6d497cfb035042
  JKRetractableGCDDelay: 95f9c04a3a16725aa3375274e08549f6f7363ba1
  Masonry: 678fab65091a9290e40e2832a55e7ab731aad201

PODFILE CHECKSUM: 201d306cad4a3fd68c883acffa0966ce22de13ee

COCOAPODS: 1.10.1
