PODS:
  - AppleDevices (1.0.0)
  - FDFullscreenPopGesture (1.1)
  - Flutter (2.2.100)
  - JKRetractableGCDDelay (1.0.2)
  - Masonry (1.1.0)

DEPENDENCIES:
  - AppleDevices
  - FDFullscreenPopGesture
  - Flutter (from `./FlutterFrameworks/Release/Flutter.podspec`)
  - JKRetractableGCDDelay
  - Masonry

SPEC REPOS:
  https://github.com/CocoaPods/Specs.git:
    - AppleDevices
    - FDFullscreenPopGesture
    - JKRetractableGCDDelay
    - Masonry

EXTERNAL SOURCES:
  Flutter:
    :podspec: "./FlutterFrameworks/Release/Flutter.podspec"

SPEC CHECKSUMS:
  AppleDevices: 437bb7c4e2dd769d3e73af704adfbb1a16143624
  FDFullscreenPopGesture: a8a620179e3d9c40e8e00256dcee1c1a27c6d0f0
  Flutter: 8174fb965813ce65b335bc74aefd3f7f8bb8095c
  JKRetractableGCDDelay: 95f9c04a3a16725aa3375274e08549f6f7363ba1
  Masonry: 678fab65091a9290e40e2832a55e7ab731aad201

PODFILE CHECKSUM: 4d29caebd4a8a40a9ccb9e803efa97019da4aed0

COCOAPODS: 1.10.1
